# THIS IS AN AUTOGENERATED FILE. DO NOT EDIT THIS FILE DIRECTLY.
# yarn lockfile v1


"@types/luxon@^3.3.7":
  version "3.3.7"
  resolved "https://registry.yarnpkg.com/@types/luxon/-/luxon-3.3.7.tgz#043d413b6492a012de47503907bdf3ec4f827933"
  integrity sha512-gKc9P2d4g5uYwmy4s/MO/yOVPmvHyvzka1YH6i5dM03UrFofHSmgc0D0ymbDRStFWHusk6cwwF6nhLm/ckBbbQ==

"@vvo/tzdb@^6.119.0":
  version "6.119.0"
  resolved "https://registry.yarnpkg.com/@vvo/tzdb/-/tzdb-6.119.0.tgz#af78f71088df961706f2cf12aab5c9907a35e6e4"
  integrity sha512-Bb0IwELIsRVscuFIBZdZ/tjIz1y9LVzDRV/AGBny9W1X4nTMkHV7Zf5oA5j3ZDp7IDkt0QK8B1TBCtcWCtT9PQ==

luxon@^3.4.4:
  version "3.4.4"
  resolved "https://registry.yarnpkg.com/luxon/-/luxon-3.4.4.tgz#cf20dc27dc532ba41a169c43fdcc0063601577af"
  integrity sha512-zobTr7akeGHnv7eBOXcRgMeCP6+uyYsczwmeRCauvpvaAltgNyTbLH/+VaEAPUeWBT+1GuNmz4wC/6jtQzbbVA==

typescript@^5.3.3:
  version "5.3.3"
  resolved "https://registry.yarnpkg.com/typescript/-/typescript-5.3.3.tgz#b3ce6ba258e72e6305ba66f5c9b452aaee3ffe37"
  integrity sha512-pXWcraxM0uxAS+tN0AG/BF2TyqmHO014Z070UsJ+pFvYuRSq8KH8DmWpnbXe0pEPDHXZV3FcAbJkijJ5oNEnWw==
